{
  "version": 4,
  "terraform_version": "1.9.7",
  "serial": 609,
  "lineage": "6bdb839b-c629-4e15-de8e-fae5b01a52dd",
  "outputs": {
    "k8s_app_ip": {
      "value": "89.169.133.236",
      "type": "string"
    },
    "k8s_master_ip": {
      "value": "89.169.150.1",
      "type": "string"
    },
    "srv_monitoring_ip": {
      "value": "89.169.152.39",
      "type": "string"
    }
  },
  "resources": [
    {
      "mode": "managed",
      "type": "yandex_compute_instance",
      "name": "k8s_app",
      "provider": "provider[\"registry.terraform.io/yandex-cloud/yandex\"]",
      "instances": [
        {
          "status": "tainted",
          "schema_version": 1,
          "attributes": {
            "allow_stopping_for_update": null,
            "boot_disk": [
              {
                "auto_delete": true,
                "device_name": "fhmefo9mph89s46ff3ep",
                "disk_id": "fhmefo9mph89s46ff3ep",
                "initialize_params": [
                  {
                    "block_size": 4096,
                    "description": "",
                    "image_id": "fd8tvc3529h2cpjvpkr5",
                    "name": "",
                    "size": 10,
                    "snapshot_id": "",
                    "type": "network-hdd"
                  }
                ],
                "mode": "READ_WRITE"
              }
            ],
            "created_at": "2024-10-05T14:46:13Z",
            "description": "",
            "folder_id": "b1gltk79jlvu4fu074l8",
            "fqdn": "fhmvihav2e72g9fg89v5.auto.internal",
            "hostname": "fhmvihav2e72g9fg89v5",
            "id": "fhmvihav2e72g9fg89v5",
            "labels": null,
            "metadata": {
              "ssh-keys": "microvolk:ssh-rsa AAAAB3NzaC1yc2EAAAADAQABAAABAQCxw0CwLBqrUz2j33W0dNax2aBEOQLvIJhGa5KQ3V5d5cvWTHVADBbmyK+JVBjDFGjz3xuPx4afdgjHjskzC3vogDoB3qqYZB3lpIeOh5Vcq6ENsCcHDQeQhgZxhOtsxkblJSL7KcY/tsGF6WEwCAWBXDQqZVVZiRkJvEFqSYjxoCmXfhfRO0SBOSTVcQfKrAzvFRgq4SthBcYLmZwUg+R/THiW8wpQhX2KvTkZ7txUZJq81Vs8bQz6Eob2clScSmwcHkPR7RzG/HpIjfnEKxzABhymgL2mwYp8YSniX4YB1VakgvTpiv1ezmfel0ujIJZ5UFfLpngLZWd97KCakNzr volkmicro@gmail.com\r\n",
              "user-data": "#cloud-config\r\nusers:\r\n  - name: microvolk\r\n    sudo: ALL=(ALL) NOPASSWD:ALL\r\n    groups: sudo\r\n    lock-passwd: false\r\n    passwd: Hjvfirf123\r\nchpasswd:\r\n  list: |\r\n    microvolk:Hjvfirf123\r\n  expire: False\r\nssh_pwauth: True\r\n"
            },
            "name": "k8s-app",
            "network_acceleration_type": "standard",
            "network_interface": [
              {
                "dns_record": [],
                "index": 0,
                "ip_address": "10.0.0.19",
                "ipv4": true,
                "ipv6": false,
                "ipv6_address": "",
                "ipv6_dns_record": [],
                "mac_address": "d0:0d:1f:94:55:f1",
                "nat": true,
                "nat_dns_record": [],
                "nat_ip_address": "89.169.133.236",
                "nat_ip_version": "IPV4",
                "security_group_ids": [],
                "subnet_id": "e9b0ibte88ruoerobi99"
              }
            ],
            "placement_policy": [
              {
                "host_affinity_rules": [],
                "placement_group_id": ""
              }
            ],
            "platform_id": "standard-v2",
            "resources": [
              {
                "core_fraction": 100,
                "cores": 4,
                "gpus": 0,
                "memory": 8
              }
            ],
            "scheduling_policy": [
              {
                "preemptible": false
              }
            ],
            "secondary_disk": [],
            "service_account_id": "",
            "status": "running",
            "timeouts": null,
            "zone": "ru-central1-a"
          },
          "sensitive_attributes": [
            [
              {
                "type": "get_attr",
                "value": "metadata"
              },
              {
                "type": "index",
                "value": {
                  "value": "user-data",
                  "type": "string"
                }
              }
            ]
          ],
          "private": "eyJlMmJmYjczMC1lY2FhLTExZTYtOGY4OC0zNDM2M2JjN2M0YzAiOnsiY3JlYXRlIjozMDAwMDAwMDAwMDAsImRlbGV0ZSI6MzAwMDAwMDAwMDAwLCJ1cGRhdGUiOjMwMDAwMDAwMDAwMH0sInNjaGVtYV92ZXJzaW9uIjoiMSJ9",
          "dependencies": [
            "yandex_vpc_address.k8s_app_ip",
            "yandex_vpc_network.main",
            "yandex_vpc_subnet.main"
          ]
        }
      ]
    },
    {
      "mode": "managed",
      "type": "yandex_compute_instance",
      "name": "k8s_master",
      "provider": "provider[\"registry.terraform.io/yandex-cloud/yandex\"]",
      "instances": [
        {
          "status": "tainted",
          "schema_version": 1,
          "attributes": {
            "allow_stopping_for_update": null,
            "boot_disk": [
              {
                "auto_delete": true,
                "device_name": "fhmui6794itdoano9sbr",
                "disk_id": "fhmui6794itdoano9sbr",
                "initialize_params": [
                  {
                    "block_size": 4096,
                    "description": "",
                    "image_id": "fd8tvc3529h2cpjvpkr5",
                    "name": "",
                    "size": 10,
                    "snapshot_id": "",
                    "type": "network-hdd"
                  }
                ],
                "mode": "READ_WRITE"
              }
            ],
            "created_at": "2024-10-05T14:46:14Z",
            "description": "",
            "folder_id": "b1gltk79jlvu4fu074l8",
            "fqdn": "fhmppl3d6oim129u7ac2.auto.internal",
            "hostname": "fhmppl3d6oim129u7ac2",
            "id": "fhmppl3d6oim129u7ac2",
            "labels": null,
            "metadata": {
              "ssh-keys": "microvolk:ssh-rsa AAAAB3NzaC1yc2EAAAADAQABAAABAQCxw0CwLBqrUz2j33W0dNax2aBEOQLvIJhGa5KQ3V5d5cvWTHVADBbmyK+JVBjDFGjz3xuPx4afdgjHjskzC3vogDoB3qqYZB3lpIeOh5Vcq6ENsCcHDQeQhgZxhOtsxkblJSL7KcY/tsGF6WEwCAWBXDQqZVVZiRkJvEFqSYjxoCmXfhfRO0SBOSTVcQfKrAzvFRgq4SthBcYLmZwUg+R/THiW8wpQhX2KvTkZ7txUZJq81Vs8bQz6Eob2clScSmwcHkPR7RzG/HpIjfnEKxzABhymgL2mwYp8YSniX4YB1VakgvTpiv1ezmfel0ujIJZ5UFfLpngLZWd97KCakNzr volkmicro@gmail.com\r\n",
              "user-data": "#cloud-config\r\nusers:\r\n  - name: microvolk\r\n    sudo: ALL=(ALL) NOPASSWD:ALL\r\n    groups: sudo\r\n    lock-passwd: false\r\n    passwd: Hjvfirf123\r\nchpasswd:\r\n  list: |\r\n    microvolk:Hjvfirf123\r\n  expire: False\r\nssh_pwauth: True\r\n"
            },
            "name": "k8s-master",
            "network_acceleration_type": "standard",
            "network_interface": [
              {
                "dns_record": [],
                "index": 0,
                "ip_address": "10.0.0.16",
                "ipv4": true,
                "ipv6": false,
                "ipv6_address": "",
                "ipv6_dns_record": [],
                "mac_address": "d0:0d:19:cd:46:d3",
                "nat": true,
                "nat_dns_record": [],
                "nat_ip_address": "89.169.150.1",
                "nat_ip_version": "IPV4",
                "security_group_ids": [],
                "subnet_id": "e9b0ibte88ruoerobi99"
              }
            ],
            "placement_policy": [
              {
                "host_affinity_rules": [],
                "placement_group_id": ""
              }
            ],
            "platform_id": "standard-v2",
            "resources": [
              {
                "core_fraction": 100,
                "cores": 4,
                "gpus": 0,
                "memory": 8
              }
            ],
            "scheduling_policy": [
              {
                "preemptible": false
              }
            ],
            "secondary_disk": [],
            "service_account_id": "",
            "status": "running",
            "timeouts": null,
            "zone": "ru-central1-a"
          },
          "sensitive_attributes": [
            [
              {
                "type": "get_attr",
                "value": "metadata"
              },
              {
                "type": "index",
                "value": {
                  "value": "user-data",
                  "type": "string"
                }
              }
            ]
          ],
          "private": "eyJlMmJmYjczMC1lY2FhLTExZTYtOGY4OC0zNDM2M2JjN2M0YzAiOnsiY3JlYXRlIjozMDAwMDAwMDAwMDAsImRlbGV0ZSI6MzAwMDAwMDAwMDAwLCJ1cGRhdGUiOjMwMDAwMDAwMDAwMH0sInNjaGVtYV92ZXJzaW9uIjoiMSJ9",
          "dependencies": [
            "yandex_vpc_address.k8s_master_ip",
            "yandex_vpc_network.main",
            "yandex_vpc_subnet.main"
          ]
        }
      ]
    },
    {
      "mode": "managed",
      "type": "yandex_compute_instance",
      "name": "srv_monitoring",
      "provider": "provider[\"registry.terraform.io/yandex-cloud/yandex\"]",
      "instances": [
        {
          "status": "tainted",
          "schema_version": 1,
          "attributes": {
            "allow_stopping_for_update": null,
            "boot_disk": [
              {
                "auto_delete": true,
                "device_name": "fhmuj267ajq2p053b8p1",
                "disk_id": "fhmuj267ajq2p053b8p1",
                "initialize_params": [
                  {
                    "block_size": 4096,
                    "description": "",
                    "image_id": "fd8tvc3529h2cpjvpkr5",
                    "name": "",
                    "size": 10,
                    "snapshot_id": "",
                    "type": "network-hdd"
                  }
                ],
                "mode": "READ_WRITE"
              }
            ],
            "created_at": "2024-10-05T14:46:11Z",
            "description": "",
            "folder_id": "b1gltk79jlvu4fu074l8",
            "fqdn": "fhm4l0etbkm55rihijft.auto.internal",
            "hostname": "fhm4l0etbkm55rihijft",
            "id": "fhm4l0etbkm55rihijft",
            "labels": null,
            "metadata": {
              "ssh-keys": "microvolk:ssh-rsa AAAAB3NzaC1yc2EAAAADAQABAAABAQCxw0CwLBqrUz2j33W0dNax2aBEOQLvIJhGa5KQ3V5d5cvWTHVADBbmyK+JVBjDFGjz3xuPx4afdgjHjskzC3vogDoB3qqYZB3lpIeOh5Vcq6ENsCcHDQeQhgZxhOtsxkblJSL7KcY/tsGF6WEwCAWBXDQqZVVZiRkJvEFqSYjxoCmXfhfRO0SBOSTVcQfKrAzvFRgq4SthBcYLmZwUg+R/THiW8wpQhX2KvTkZ7txUZJq81Vs8bQz6Eob2clScSmwcHkPR7RzG/HpIjfnEKxzABhymgL2mwYp8YSniX4YB1VakgvTpiv1ezmfel0ujIJZ5UFfLpngLZWd97KCakNzr volkmicro@gmail.com\r\n",
              "user-data": "#cloud-config\r\nusers:\r\n  - name: microvolk\r\n    sudo: ALL=(ALL) NOPASSWD:ALL\r\n    groups: sudo\r\n    lock-passwd: false\r\n    passwd: Hjvfirf123\r\nchpasswd:\r\n  list: |\r\n    microvolk:Hjvfirf123\r\n  expire: False\r\nssh_pwauth: True\r\n"
            },
            "name": "srv-monitoring",
            "network_acceleration_type": "standard",
            "network_interface": [
              {
                "dns_record": [],
                "index": 0,
                "ip_address": "10.0.0.11",
                "ipv4": true,
                "ipv6": false,
                "ipv6_address": "",
                "ipv6_dns_record": [],
                "mac_address": "d0:0d:4a:81:dd:5d",
                "nat": true,
                "nat_dns_record": [],
                "nat_ip_address": "89.169.152.39",
                "nat_ip_version": "IPV4",
                "security_group_ids": [],
                "subnet_id": "e9b0ibte88ruoerobi99"
              }
            ],
            "placement_policy": [
              {
                "host_affinity_rules": [],
                "placement_group_id": ""
              }
            ],
            "platform_id": "standard-v2",
            "resources": [
              {
                "core_fraction": 100,
                "cores": 4,
                "gpus": 0,
                "memory": 16
              }
            ],
            "scheduling_policy": [
              {
                "preemptible": false
              }
            ],
            "secondary_disk": [],
            "service_account_id": "",
            "status": "running",
            "timeouts": null,
            "zone": "ru-central1-a"
          },
          "sensitive_attributes": [
            [
              {
                "type": "get_attr",
                "value": "metadata"
              },
              {
                "type": "index",
                "value": {
                  "value": "user-data",
                  "type": "string"
                }
              }
            ]
          ],
          "private": "eyJlMmJmYjczMC1lY2FhLTExZTYtOGY4OC0zNDM2M2JjN2M0YzAiOnsiY3JlYXRlIjozMDAwMDAwMDAwMDAsImRlbGV0ZSI6MzAwMDAwMDAwMDAwLCJ1cGRhdGUiOjMwMDAwMDAwMDAwMH0sInNjaGVtYV92ZXJzaW9uIjoiMSJ9",
          "dependencies": [
            "yandex_vpc_address.srv_monitoring_ip",
            "yandex_vpc_network.main",
            "yandex_vpc_subnet.main"
          ]
        }
      ]
    },
    {
      "mode": "managed",
      "type": "yandex_vpc_address",
      "name": "k8s_app_ip",
      "provider": "provider[\"registry.terraform.io/yandex-cloud/yandex\"]",
      "instances": [
        {
          "schema_version": 0,
          "attributes": {
            "created_at": "2024-09-29T13:08:41Z",
            "description": "",
            "external_ipv4_address": [
              {
                "address": "89.169.133.236",
                "ddos_protection_provider": "",
                "outgoing_smtp_capability": "",
                "zone_id": "ru-central1-a"
              }
            ],
            "folder_id": "b1gltk79jlvu4fu074l8",
            "id": "e9b6g9dqa4b8m1vl2car",
            "labels": {},
            "name": "k8s-app-ip",
            "reserved": true,
            "timeouts": null,
            "used": true
          },
          "sensitive_attributes": [],
          "private": "eyJlMmJmYjczMC1lY2FhLTExZTYtOGY4OC0zNDM2M2JjN2M0YzAiOnsiY3JlYXRlIjozMDAwMDAwMDAwMCwiZGVsZXRlIjozMDAwMDAwMDAwMCwidXBkYXRlIjozMDAwMDAwMDAwMH19"
        }
      ]
    },
    {
      "mode": "managed",
      "type": "yandex_vpc_address",
      "name": "k8s_master_ip",
      "provider": "provider[\"registry.terraform.io/yandex-cloud/yandex\"]",
      "instances": [
        {
          "schema_version": 0,
          "attributes": {
            "created_at": "2024-09-29T13:08:42Z",
            "description": "",
            "external_ipv4_address": [
              {
                "address": "89.169.150.1",
                "ddos_protection_provider": "",
                "outgoing_smtp_capability": "",
                "zone_id": "ru-central1-a"
              }
            ],
            "folder_id": "b1gltk79jlvu4fu074l8",
            "id": "e9bl74sj4hri82h0lbof",
            "labels": {},
            "name": "k8s-master-ip",
            "reserved": true,
            "timeouts": null,
            "used": true
          },
          "sensitive_attributes": [],
          "private": "eyJlMmJmYjczMC1lY2FhLTExZTYtOGY4OC0zNDM2M2JjN2M0YzAiOnsiY3JlYXRlIjozMDAwMDAwMDAwMCwiZGVsZXRlIjozMDAwMDAwMDAwMCwidXBkYXRlIjozMDAwMDAwMDAwMH19"
        }
      ]
    },
    {
      "mode": "managed",
      "type": "yandex_vpc_address",
      "name": "srv_monitoring_ip",
      "provider": "provider[\"registry.terraform.io/yandex-cloud/yandex\"]",
      "instances": [
        {
          "schema_version": 0,
          "attributes": {
            "created_at": "2024-09-29T13:08:40Z",
            "description": "",
            "external_ipv4_address": [
              {
                "address": "89.169.152.39",
                "ddos_protection_provider": "",
                "outgoing_smtp_capability": "",
                "zone_id": "ru-central1-a"
              }
            ],
            "folder_id": "b1gltk79jlvu4fu074l8",
            "id": "e9b8p1hblhr4p0pgjts0",
            "labels": {},
            "name": "srv-monitoring-ip",
            "reserved": true,
            "timeouts": null,
            "used": true
          },
          "sensitive_attributes": [],
          "private": "eyJlMmJmYjczMC1lY2FhLTExZTYtOGY4OC0zNDM2M2JjN2M0YzAiOnsiY3JlYXRlIjozMDAwMDAwMDAwMCwiZGVsZXRlIjozMDAwMDAwMDAwMCwidXBkYXRlIjozMDAwMDAwMDAwMH19"
        }
      ]
    },
    {
      "mode": "managed",
      "type": "yandex_vpc_network",
      "name": "main",
      "provider": "provider[\"registry.terraform.io/yandex-cloud/yandex\"]",
      "instances": [
        {
          "schema_version": 0,
          "attributes": {
            "created_at": "2024-09-29T13:08:40Z",
            "default_security_group_id": "enp5imouhc5i8s5kdefk",
            "description": "",
            "folder_id": "b1gltk79jlvu4fu074l8",
            "id": "enpsvqutdp4p8vvq5gs1",
            "labels": {},
            "name": "main-network",
            "subnet_ids": [
              "e9b0ibte88ruoerobi99"
            ],
            "timeouts": null
          },
          "sensitive_attributes": [],
          "private": "eyJlMmJmYjczMC1lY2FhLTExZTYtOGY4OC0zNDM2M2JjN2M0YzAiOnsiY3JlYXRlIjo2MDAwMDAwMDAwMCwiZGVsZXRlIjo2MDAwMDAwMDAwMCwidXBkYXRlIjo2MDAwMDAwMDAwMH19"
        }
      ]
    },
    {
      "mode": "managed",
      "type": "yandex_vpc_subnet",
      "name": "main",
      "provider": "provider[\"registry.terraform.io/yandex-cloud/yandex\"]",
      "instances": [
        {
          "schema_version": 0,
          "attributes": {
            "created_at": "2024-09-29T13:08:42Z",
            "description": "",
            "dhcp_options": [],
            "folder_id": "b1gltk79jlvu4fu074l8",
            "id": "e9b0ibte88ruoerobi99",
            "labels": {},
            "name": "main-subnet",
            "network_id": "enpsvqutdp4p8vvq5gs1",
            "route_table_id": "",
            "timeouts": null,
            "v4_cidr_blocks": [
              "10.0.0.0/16"
            ],
            "v6_cidr_blocks": [],
            "zone": "ru-central1-a"
          },
          "sensitive_attributes": [],
          "private": "eyJlMmJmYjczMC1lY2FhLTExZTYtOGY4OC0zNDM2M2JjN2M0YzAiOnsiY3JlYXRlIjoxODAwMDAwMDAwMDAsImRlbGV0ZSI6MTgwMDAwMDAwMDAwLCJ1cGRhdGUiOjE4MDAwMDAwMDAwMH19",
          "dependencies": [
            "yandex_vpc_network.main"
          ]
        }
      ]
    }
  ],
  "check_results": null
}
